
Microsoft Visual Studio Solution File, Format Version 12.00
# Visual Studio Version 17
VisualStudioVersion = 17.7.34018.315
MinimumVisualStudioVersion = 10.0.40219.1
Project("{FAE04EC0-301F-11D3-BF4B-00C04F79EFBC}") = "delegado", "delegado\delegado.csproj", "{0236433E-E54A-4255-B53E-AFB995DFA04A}"
EndProject
Global
	GlobalSection(SolutionConfigurationPlatforms) = preSolution
		Debug|Any CPU = Debug|Any CPU
		Release|Any CPU = Release|Any CPU
	EndGlobalSection
	GlobalSection(ProjectConfigurationPlatforms) = postSolution
		{0236433E-E54A-4255-B53E-AFB995DFA04A}.Debug|Any CPU.ActiveCfg = Debug|Any CPU
		{0236433E-E54A-4255-B53E-AFB995DFA04A}.Debug|Any CPU.Build.0 = Debug|Any CPU
		{0236433E-E54A-4255-B53E-AFB995DFA04A}.Release|Any CPU.ActiveCfg = Release|Any CPU
		{0236433E-E54A-4255-B53E-AFB995DFA04A}.Release|Any CPU.Build.0 = Release|Any CPU
	EndGlobalSection
	GlobalSection(SolutionProperties) = preSolution
		HideSolutionNode = FALSE
	EndGlobalSection
	GlobalSection(ExtensibilityGlobals) = postSolution
		SolutionGuid = {703D42F0-5EFE-4600-8412-928DB9F25426}
	EndGlobalSection
EndGlobal
